// !$*UTF8*$!
{
	archiveVersion = 1;
	classes = {
	};
	objectVersion = 56;
	objects = {

/* Begin PBXBuildFile section */
		45ACA2662988D75C00BD9935 /* AppDelegate.swift in Sources */ = {isa = PBXBuildFile; fileRef = 45ACA2652988D75C00BD9935 /* AppDelegate.swift */; };
		45ACA2682988D75C00BD9935 /* SceneDelegate.swift in Sources */ = {isa = PBXBuildFile; fileRef = 45ACA2672988D75C00BD9935 /* SceneDelegate.swift */; };
		45ACA26F2988D76000BD9935 /* Assets.xcassets in Resources */ = {isa = PBXBuildFile; fileRef = 45ACA26E2988D76000BD9935 /* Assets.xcassets */; };
		45ACA2722988D76000BD9935 /* LaunchScreen.storyboard in Resources */ = {isa = PBXBuildFile; fileRef = 45ACA2702988D76000BD9935 /* LaunchScreen.storyboard */; };
		45ACA27B2988D80400BD9935 /* Then in Frameworks */ = {isa = PBXBuildFile; productRef = 45ACA27A2988D80400BD9935 /* Then */; };
		45ACA27E2988D86100BD9935 /* SnapKit in Frameworks */ = {isa = PBXBuildFile; productRef = 45ACA27D2988D86100BD9935 /* SnapKit */; };
		45ACA2812988D8BD00BD9935 /* SideMenu in Frameworks */ = {isa = PBXBuildFile; productRef = 45ACA2802988D8BD00BD9935 /* SideMenu */; };
		45ACA28E298A2A2A00BD9935 /* SideMenuViewController.swift in Sources */ = {isa = PBXBuildFile; fileRef = 45ACA28D298A2A2A00BD9935 /* SideMenuViewController.swift */; };
		45ACA290298B003A00BD9935 /* SideMenuCell.swift in Sources */ = {isa = PBXBuildFile; fileRef = 45ACA28F298B003A00BD9935 /* SideMenuCell.swift */; };
		45ACA294298C866F00BD9935 /* MainCollectionViewCell.swift in Sources */ = {isa = PBXBuildFile; fileRef = 45ACA293298C866E00BD9935 /* MainCollectionViewCell.swift */; };
		45ACA299298F2C6D00BD9935 /* JobListViewController.swift in Sources */ = {isa = PBXBuildFile; fileRef = 45ACA298298F2C6D00BD9935 /* JobListViewController.swift */; };
		45ACA2A229900D7000BD9935 /* JobListCollectionViewCell.swift in Sources */ = {isa = PBXBuildFile; fileRef = 45ACA2A129900D7000BD9935 /* JobListCollectionViewCell.swift */; };
		45ACA2A5299016D100BD9935 /* JobListHeaderView.swift in Sources */ = {isa = PBXBuildFile; fileRef = 45ACA2A4299016D100BD9935 /* JobListHeaderView.swift */; };
		45ACA2A82991AEE200BD9935 /* ContainerViewComposer.swift in Sources */ = {isa = PBXBuildFile; fileRef = 45ACA2A72991AEE200BD9935 /* ContainerViewComposer.swift */; };
		45ACA2AA2991FFE700BD9935 /* ViewControllerPresentation.swift in Sources */ = {isa = PBXBuildFile; fileRef = 45ACA2A92991FFE700BD9935 /* ViewControllerPresentation.swift */; };
		45ACA2AC2992002000BD9935 /* ContentViewController.swift in Sources */ = {isa = PBXBuildFile; fileRef = 45ACA2AB2992002000BD9935 /* ContentViewController.swift */; };
		45ACA2AE2992187C00BD9935 /* ContainerViewController.swift in Sources */ = {isa = PBXBuildFile; fileRef = 45ACA2AD2992187C00BD9935 /* ContainerViewController.swift */; };
		45ACA2B029921ABD00BD9935 /* SideMenuItem.swift in Sources */ = {isa = PBXBuildFile; fileRef = 45ACA2AF29921ABD00BD9935 /* SideMenuItem.swift */; };
		45ACA2B229921D3700BD9935 /* SideMenuDelegate.swift in Sources */ = {isa = PBXBuildFile; fileRef = 45ACA2B129921D3700BD9935 /* SideMenuDelegate.swift */; };
		45ACA2C02995D70F00BD9935 /* MainViewController.swift in Sources */ = {isa = PBXBuildFile; fileRef = 45ACA2BF2995D70F00BD9935 /* MainViewController.swift */; };
		7229CE2729D6C5E700347D30 /* BossInformation+CoreDataClass.swift in Sources */ = {isa = PBXBuildFile; fileRef = 7229CE2529D6C5E700347D30 /* BossInformation+CoreDataClass.swift */; };
		7229CE2829D6C5E700347D30 /* BossInformation+CoreDataProperties.swift in Sources */ = {isa = PBXBuildFile; fileRef = 7229CE2629D6C5E700347D30 /* BossInformation+CoreDataProperties.swift */; };
		7246561929C058CC00AA9154 /* BossInfoViewModel.swift in Sources */ = {isa = PBXBuildFile; fileRef = 7246561829C058CC00AA9154 /* BossInfoViewModel.swift */; };
		725400FD29AC6F96005A7420 /* newJobs_jpg.json in Resources */ = {isa = PBXBuildFile; fileRef = 725400FC29AC6F96005A7420 /* newJobs_jpg.json */; };
		7265762429C1AB20008DBA6F /* BossImageCell.swift in Sources */ = {isa = PBXBuildFile; fileRef = 7265762329C1AB20008DBA6F /* BossImageCell.swift */; };
		72ABFD7C29C2E50E003A207F /* BossDetailViewController.swift in Sources */ = {isa = PBXBuildFile; fileRef = 72ABFD7B29C2E50E003A207F /* BossDetailViewController.swift */; };
		72AD922A29A1C0BA00047D35 /* JobGroupDTO.swift in Sources */ = {isa = PBXBuildFile; fileRef = 72AD922929A1C0BA00047D35 /* JobGroupDTO.swift */; };
		72B0CBD429C15B7400B7320F /* BossListViewController.swift in Sources */ = {isa = PBXBuildFile; fileRef = 72B0CBD329C15B7400B7320F /* BossListViewController.swift */; };
		72B2BCEE29CD7E600022B95B /* ItemDetailViewController.swift in Sources */ = {isa = PBXBuildFile; fileRef = 72B2BCED29CD7E600022B95B /* ItemDetailViewController.swift */; };
		72B6810A29C4535D00D81470 /* LevelAndForceCell.swift in Sources */ = {isa = PBXBuildFile; fileRef = 72B6810929C4535D00D81470 /* LevelAndForceCell.swift */; };
		72CB8BD829BF000D00A34A36 /* BossInfo.swift in Sources */ = {isa = PBXBuildFile; fileRef = 72CB8BD729BF000D00A34A36 /* BossInfo.swift */; };
		72CB8BDA29BF047700A34A36 /* bossInfo.json in Resources */ = {isa = PBXBuildFile; fileRef = 72CB8BD929BF047700A34A36 /* bossInfo.json */; };
		72CDF3A8298A53E100918C1A /* Components.swift in Sources */ = {isa = PBXBuildFile; fileRef = 72CDF3A7298A53E100918C1A /* Components.swift */; };
		72E728F829939D0E00427640 /* Observable.swift in Sources */ = {isa = PBXBuildFile; fileRef = 72E728F729939D0E00427640 /* Observable.swift */; };
		72ECFFED298BC2100045ADBB /* JobInfoViewModel.swift in Sources */ = {isa = PBXBuildFile; fileRef = 72ECFFEC298BC2100045ADBB /* JobInfoViewModel.swift */; };
		72ECFFF0298BC9060045ADBB /* JSONManager.swift in Sources */ = {isa = PBXBuildFile; fileRef = 72ECFFEF298BC9060045ADBB /* JSONManager.swift */; };
		A319B12D29CAF1C600E5B1B2 /* WeeklyBossAddViewController.swift in Sources */ = {isa = PBXBuildFile; fileRef = A319B12C29CAF1C600E5B1B2 /* WeeklyBossAddViewController.swift */; };
		A3278BAE2988E4330004C278 /* JobDetailCollectionViewController.swift in Sources */ = {isa = PBXBuildFile; fileRef = A3278BAD2988E4330004C278 /* JobDetailCollectionViewController.swift */; };
		A3278BB229890A0A0004C278 /* SkillListViewCell.swift in Sources */ = {isa = PBXBuildFile; fileRef = A3278BB129890A0A0004C278 /* SkillListViewCell.swift */; };
		A3278BDB298B59140004C278 /* JobImageViewCell.swift in Sources */ = {isa = PBXBuildFile; fileRef = A3278BDA298B59140004C278 /* JobImageViewCell.swift */; };
		A3278BDD298B5B430004C278 /* TitleHeaderView.swift in Sources */ = {isa = PBXBuildFile; fileRef = A3278BDC298B5B430004C278 /* TitleHeaderView.swift */; };
		A3278BE0298B93060004C278 /* SkillDetailTableViewController.swift in Sources */ = {isa = PBXBuildFile; fileRef = A3278BDF298B93060004C278 /* SkillDetailTableViewController.swift */; };
		A3278BE2298BE1A80004C278 /* ReinforceSkillDetailViewCell.swift in Sources */ = {isa = PBXBuildFile; fileRef = A3278BE1298BE1A80004C278 /* ReinforceSkillDetailViewCell.swift */; };
		A3282F8429A4A29100FA5BE1 /* SkillDetailViewCell.swift in Sources */ = {isa = PBXBuildFile; fileRef = A3282F8329A4A29100FA5BE1 /* SkillDetailViewCell.swift */; };
		A37030E529D1839800F3ADA4 /* WeeklyBossCharacterListViewModel.swift in Sources */ = {isa = PBXBuildFile; fileRef = A37030E429D1839800F3ADA4 /* WeeklyBossCharacterListViewModel.swift */; };
		A37030E929D2BCF900F3ADA4 /* WeeklyBossAddViewModel.swift in Sources */ = {isa = PBXBuildFile; fileRef = A37030E829D2BCF900F3ADA4 /* WeeklyBossAddViewModel.swift */; };
		A37030EE29D2E0A400F3ADA4 /* CharacterInfo+CoreDataClass.swift in Sources */ = {isa = PBXBuildFile; fileRef = A37030EA29D2E0A400F3ADA4 /* CharacterInfo+CoreDataClass.swift */; };
		A37030EF29D2E0A400F3ADA4 /* CharacterInfo+CoreDataProperties.swift in Sources */ = {isa = PBXBuildFile; fileRef = A37030EB29D2E0A400F3ADA4 /* CharacterInfo+CoreDataProperties.swift */; };
		A37030F329D31A8E00F3ADA4 /* weeklyBossInfo.json in Resources */ = {isa = PBXBuildFile; fileRef = A37030F229D31A8E00F3ADA4 /* weeklyBossInfo.json */; };
		A37030F629D3C7DF00F3ADA4 /* WeeklyBossInfo.swift in Sources */ = {isa = PBXBuildFile; fileRef = A37030F529D3C7DF00F3ADA4 /* WeeklyBossInfo.swift */; };
		A37030FD29D7EB7100F3ADA4 /* MaplestoryOTFBold.otf in Resources */ = {isa = PBXBuildFile; fileRef = A37030FC29D7EB7100F3ADA4 /* MaplestoryOTFBold.otf */; };
		A37030FF29D7ED2600F3ADA4 /* MaplestoryOTFLight.otf in Resources */ = {isa = PBXBuildFile; fileRef = A37030FE29D7ED2600F3ADA4 /* MaplestoryOTFLight.otf */; };
		A38A78B329E3ED4D00213CC7 /* WebViewListViewController.swift in Sources */ = {isa = PBXBuildFile; fileRef = A38A78B229E3ED4D00213CC7 /* WebViewListViewController.swift */; };
		A38A78B629E54C1600213CC7 /* WebViewListCell.swift in Sources */ = {isa = PBXBuildFile; fileRef = A38A78B529E54C1600213CC7 /* WebViewListCell.swift */; };
		A38A78B829E54CB200213CC7 /* WebViewController.swift in Sources */ = {isa = PBXBuildFile; fileRef = A38A78B729E54CB200213CC7 /* WebViewController.swift */; };
		A3900BBE29C0489C00B7C409 /* WeeklyBossCharacterListViewController.swift in Sources */ = {isa = PBXBuildFile; fileRef = A3900BBD29C0489C00B7C409 /* WeeklyBossCharacterListViewController.swift */; };
		A3900BC129C0495D00B7C409 /* WeeklyBossCharacterListCell.swift in Sources */ = {isa = PBXBuildFile; fileRef = A3900BC029C0495D00B7C409 /* WeeklyBossCharacterListCell.swift */; };
		A3900BC529C0905E00B7C409 /* Model.xcdatamodeld in Sources */ = {isa = PBXBuildFile; fileRef = A3900BC329C0905E00B7C409 /* Model.xcdatamodeld */; };
		A3900BC729C099B900B7C409 /* CoreDataManager.swift in Sources */ = {isa = PBXBuildFile; fileRef = A3900BC629C099B900B7C409 /* CoreDataManager.swift */; };
		A3900BDB29C2F7FA00B7C409 /* WeeklyBossCalculatorViewController.swift in Sources */ = {isa = PBXBuildFile; fileRef = A3900BDA29C2F7FA00B7C409 /* WeeklyBossCalculatorViewController.swift */; };
		A3900BDD29C2F82300B7C409 /* WeeklyBossCalculatorViewCell.swift in Sources */ = {isa = PBXBuildFile; fileRef = A3900BDC29C2F82300B7C409 /* WeeklyBossCalculatorViewCell.swift */; };
		A3E3794729F100BB00FE688E /* Extension+Font.swift in Sources */ = {isa = PBXBuildFile; fileRef = A3E3794629F100BB00FE688E /* Extension+Font.swift */; };
		A3E3794929F100F300FE688E /* NumberFormatter.swift in Sources */ = {isa = PBXBuildFile; fileRef = A3E3794829F100F300FE688E /* NumberFormatter.swift */; };
		A3E3794C29F1015400FE688E /* Extension+CALayer.swift in Sources */ = {isa = PBXBuildFile; fileRef = A3E3794B29F1015400FE688E /* Extension+CALayer.swift */; };
		A3E3794E29F101B400FE688E /* Extension+UIImage.swift in Sources */ = {isa = PBXBuildFile; fileRef = A3E3794D29F101B400FE688E /* Extension+UIImage.swift */; };
		A3E3795A29F104A300FE688E /* DescriptionCell.swift in Sources */ = {isa = PBXBuildFile; fileRef = A3E3795929F104A300FE688E /* DescriptionCell.swift */; };
		A3E3795C29F104BD00FE688E /* RewardPriceCell.swift in Sources */ = {isa = PBXBuildFile; fileRef = A3E3795B29F104BD00FE688E /* RewardPriceCell.swift */; };
		A3E3795E29F104D200FE688E /* RewardItemCell.swift in Sources */ = {isa = PBXBuildFile; fileRef = A3E3795D29F104D200FE688E /* RewardItemCell.swift */; };
		A3E3796029F104E600FE688E /* MainBossImageCell.swift in Sources */ = {isa = PBXBuildFile; fileRef = A3E3795F29F104E600FE688E /* MainBossImageCell.swift */; };
		A3E3796229F1052700FE688E /* CheckBox.swift in Sources */ = {isa = PBXBuildFile; fileRef = A3E3796129F1052700FE688E /* CheckBox.swift */; };
/* End PBXBuildFile section */

/* Begin PBXFileReference section */
		45ACA2622988D75C00BD9935 /* MapleStoryGuide.app */ = {isa = PBXFileReference; explicitFileType = wrapper.application; includeInIndex = 0; path = MapleStoryGuide.app; sourceTree = BUILT_PRODUCTS_DIR; };
		45ACA2652988D75C00BD9935 /* AppDelegate.swift */ = {isa = PBXFileReference; lastKnownFileType = sourcecode.swift; path = AppDelegate.swift; sourceTree = "<group>"; };
		45ACA2672988D75C00BD9935 /* SceneDelegate.swift */ = {isa = PBXFileReference; lastKnownFileType = sourcecode.swift; path = SceneDelegate.swift; sourceTree = "<group>"; };
		45ACA26E2988D76000BD9935 /* Assets.xcassets */ = {isa = PBXFileReference; lastKnownFileType = folder.assetcatalog; path = Assets.xcassets; sourceTree = "<group>"; };
		45ACA2712988D76000BD9935 /* Base */ = {isa = PBXFileReference; lastKnownFileType = file.storyboard; name = Base; path = Base.lproj/LaunchScreen.storyboard; sourceTree = "<group>"; };
		45ACA2732988D76000BD9935 /* Info.plist */ = {isa = PBXFileReference; lastKnownFileType = text.plist.xml; path = Info.plist; sourceTree = "<group>"; };
		45ACA28D298A2A2A00BD9935 /* SideMenuViewController.swift */ = {isa = PBXFileReference; lastKnownFileType = sourcecode.swift; path = SideMenuViewController.swift; sourceTree = "<group>"; };
		45ACA28F298B003A00BD9935 /* SideMenuCell.swift */ = {isa = PBXFileReference; lastKnownFileType = sourcecode.swift; path = SideMenuCell.swift; sourceTree = "<group>"; };
		45ACA293298C866E00BD9935 /* MainCollectionViewCell.swift */ = {isa = PBXFileReference; lastKnownFileType = sourcecode.swift; path = MainCollectionViewCell.swift; sourceTree = "<group>"; };
		45ACA298298F2C6D00BD9935 /* JobListViewController.swift */ = {isa = PBXFileReference; lastKnownFileType = sourcecode.swift; path = JobListViewController.swift; sourceTree = "<group>"; };
		45ACA2A129900D7000BD9935 /* JobListCollectionViewCell.swift */ = {isa = PBXFileReference; lastKnownFileType = sourcecode.swift; path = JobListCollectionViewCell.swift; sourceTree = "<group>"; };
		45ACA2A4299016D100BD9935 /* JobListHeaderView.swift */ = {isa = PBXFileReference; lastKnownFileType = sourcecode.swift; path = JobListHeaderView.swift; sourceTree = "<group>"; };
		45ACA2A72991AEE200BD9935 /* ContainerViewComposer.swift */ = {isa = PBXFileReference; lastKnownFileType = sourcecode.swift; path = ContainerViewComposer.swift; sourceTree = "<group>"; };
		45ACA2A92991FFE700BD9935 /* ViewControllerPresentation.swift */ = {isa = PBXFileReference; lastKnownFileType = sourcecode.swift; path = ViewControllerPresentation.swift; sourceTree = "<group>"; };
		45ACA2AB2992002000BD9935 /* ContentViewController.swift */ = {isa = PBXFileReference; lastKnownFileType = sourcecode.swift; path = ContentViewController.swift; sourceTree = "<group>"; };
		45ACA2AD2992187C00BD9935 /* ContainerViewController.swift */ = {isa = PBXFileReference; lastKnownFileType = sourcecode.swift; path = ContainerViewController.swift; sourceTree = "<group>"; };
		45ACA2AF29921ABD00BD9935 /* SideMenuItem.swift */ = {isa = PBXFileReference; lastKnownFileType = sourcecode.swift; path = SideMenuItem.swift; sourceTree = "<group>"; };
		45ACA2B129921D3700BD9935 /* SideMenuDelegate.swift */ = {isa = PBXFileReference; lastKnownFileType = sourcecode.swift; path = SideMenuDelegate.swift; sourceTree = "<group>"; };
		45ACA2BF2995D70F00BD9935 /* MainViewController.swift */ = {isa = PBXFileReference; lastKnownFileType = sourcecode.swift; path = MainViewController.swift; sourceTree = "<group>"; };
		7229CE2529D6C5E700347D30 /* BossInformation+CoreDataClass.swift */ = {isa = PBXFileReference; lastKnownFileType = sourcecode.swift; path = "BossInformation+CoreDataClass.swift"; sourceTree = "<group>"; };
		7229CE2629D6C5E700347D30 /* BossInformation+CoreDataProperties.swift */ = {isa = PBXFileReference; lastKnownFileType = sourcecode.swift; path = "BossInformation+CoreDataProperties.swift"; sourceTree = "<group>"; };
		7246561829C058CC00AA9154 /* BossInfoViewModel.swift */ = {isa = PBXFileReference; lastKnownFileType = sourcecode.swift; path = BossInfoViewModel.swift; sourceTree = "<group>"; };
		725400FC29AC6F96005A7420 /* newJobs_jpg.json */ = {isa = PBXFileReference; fileEncoding = 4; lastKnownFileType = text.json; path = newJobs_jpg.json; sourceTree = "<group>"; };
		7265762329C1AB20008DBA6F /* BossImageCell.swift */ = {isa = PBXFileReference; lastKnownFileType = sourcecode.swift; path = BossImageCell.swift; sourceTree = "<group>"; };
		72ABFD7B29C2E50E003A207F /* BossDetailViewController.swift */ = {isa = PBXFileReference; lastKnownFileType = sourcecode.swift; path = BossDetailViewController.swift; sourceTree = "<group>"; };
		72AD922929A1C0BA00047D35 /* JobGroupDTO.swift */ = {isa = PBXFileReference; lastKnownFileType = sourcecode.swift; path = JobGroupDTO.swift; sourceTree = "<group>"; };
		72B0CBD329C15B7400B7320F /* BossListViewController.swift */ = {isa = PBXFileReference; lastKnownFileType = sourcecode.swift; path = BossListViewController.swift; sourceTree = "<group>"; };
		72B2BCED29CD7E600022B95B /* ItemDetailViewController.swift */ = {isa = PBXFileReference; lastKnownFileType = sourcecode.swift; path = ItemDetailViewController.swift; sourceTree = "<group>"; };
		72B6810929C4535D00D81470 /* LevelAndForceCell.swift */ = {isa = PBXFileReference; lastKnownFileType = sourcecode.swift; path = LevelAndForceCell.swift; sourceTree = "<group>"; };
		72CB8BD729BF000D00A34A36 /* BossInfo.swift */ = {isa = PBXFileReference; lastKnownFileType = sourcecode.swift; path = BossInfo.swift; sourceTree = "<group>"; };
		72CB8BD929BF047700A34A36 /* bossInfo.json */ = {isa = PBXFileReference; fileEncoding = 4; lastKnownFileType = text.json; path = bossInfo.json; sourceTree = "<group>"; };
		72CDF3A7298A53E100918C1A /* Components.swift */ = {isa = PBXFileReference; lastKnownFileType = sourcecode.swift; path = Components.swift; sourceTree = "<group>"; };
		72E728F729939D0E00427640 /* Observable.swift */ = {isa = PBXFileReference; lastKnownFileType = sourcecode.swift; path = Observable.swift; sourceTree = "<group>"; };
		72ECFFEC298BC2100045ADBB /* JobInfoViewModel.swift */ = {isa = PBXFileReference; lastKnownFileType = sourcecode.swift; path = JobInfoViewModel.swift; sourceTree = "<group>"; };
		72ECFFEF298BC9060045ADBB /* JSONManager.swift */ = {isa = PBXFileReference; lastKnownFileType = sourcecode.swift; path = JSONManager.swift; sourceTree = "<group>"; };
		A319B12C29CAF1C600E5B1B2 /* WeeklyBossAddViewController.swift */ = {isa = PBXFileReference; lastKnownFileType = sourcecode.swift; path = WeeklyBossAddViewController.swift; sourceTree = "<group>"; };
		A3278BAD2988E4330004C278 /* JobDetailCollectionViewController.swift */ = {isa = PBXFileReference; lastKnownFileType = sourcecode.swift; path = JobDetailCollectionViewController.swift; sourceTree = "<group>"; };
		A3278BB129890A0A0004C278 /* SkillListViewCell.swift */ = {isa = PBXFileReference; lastKnownFileType = sourcecode.swift; path = SkillListViewCell.swift; sourceTree = "<group>"; };
		A3278BDA298B59140004C278 /* JobImageViewCell.swift */ = {isa = PBXFileReference; lastKnownFileType = sourcecode.swift; path = JobImageViewCell.swift; sourceTree = "<group>"; };
		A3278BDC298B5B430004C278 /* TitleHeaderView.swift */ = {isa = PBXFileReference; lastKnownFileType = sourcecode.swift; path = TitleHeaderView.swift; sourceTree = "<group>"; };
		A3278BDF298B93060004C278 /* SkillDetailTableViewController.swift */ = {isa = PBXFileReference; lastKnownFileType = sourcecode.swift; path = SkillDetailTableViewController.swift; sourceTree = "<group>"; };
		A3278BE1298BE1A80004C278 /* ReinforceSkillDetailViewCell.swift */ = {isa = PBXFileReference; lastKnownFileType = sourcecode.swift; path = ReinforceSkillDetailViewCell.swift; sourceTree = "<group>"; };
		A3282F8329A4A29100FA5BE1 /* SkillDetailViewCell.swift */ = {isa = PBXFileReference; lastKnownFileType = sourcecode.swift; path = SkillDetailViewCell.swift; sourceTree = "<group>"; };
		A37030E429D1839800F3ADA4 /* WeeklyBossCharacterListViewModel.swift */ = {isa = PBXFileReference; lastKnownFileType = sourcecode.swift; path = WeeklyBossCharacterListViewModel.swift; sourceTree = "<group>"; };
		A37030E829D2BCF900F3ADA4 /* WeeklyBossAddViewModel.swift */ = {isa = PBXFileReference; lastKnownFileType = sourcecode.swift; path = WeeklyBossAddViewModel.swift; sourceTree = "<group>"; };
		A37030EA29D2E0A400F3ADA4 /* CharacterInfo+CoreDataClass.swift */ = {isa = PBXFileReference; lastKnownFileType = sourcecode.swift; path = "CharacterInfo+CoreDataClass.swift"; sourceTree = "<group>"; };
		A37030EB29D2E0A400F3ADA4 /* CharacterInfo+CoreDataProperties.swift */ = {isa = PBXFileReference; lastKnownFileType = sourcecode.swift; path = "CharacterInfo+CoreDataProperties.swift"; sourceTree = "<group>"; };
		A37030F229D31A8E00F3ADA4 /* weeklyBossInfo.json */ = {isa = PBXFileReference; fileEncoding = 4; lastKnownFileType = text.json; path = weeklyBossInfo.json; sourceTree = "<group>"; };
		A37030F529D3C7DF00F3ADA4 /* WeeklyBossInfo.swift */ = {isa = PBXFileReference; lastKnownFileType = sourcecode.swift; path = WeeklyBossInfo.swift; sourceTree = "<group>"; };
		A37030FC29D7EB7100F3ADA4 /* MaplestoryOTFBold.otf */ = {isa = PBXFileReference; lastKnownFileType = file; path = MaplestoryOTFBold.otf; sourceTree = "<group>"; };
		A37030FE29D7ED2600F3ADA4 /* MaplestoryOTFLight.otf */ = {isa = PBXFileReference; lastKnownFileType = file; path = MaplestoryOTFLight.otf; sourceTree = "<group>"; };
		A38A78B229E3ED4D00213CC7 /* WebViewListViewController.swift */ = {isa = PBXFileReference; lastKnownFileType = sourcecode.swift; path = WebViewListViewController.swift; sourceTree = "<group>"; };
		A38A78B529E54C1600213CC7 /* WebViewListCell.swift */ = {isa = PBXFileReference; lastKnownFileType = sourcecode.swift; path = WebViewListCell.swift; sourceTree = "<group>"; };
		A38A78B729E54CB200213CC7 /* WebViewController.swift */ = {isa = PBXFileReference; lastKnownFileType = sourcecode.swift; path = WebViewController.swift; sourceTree = "<group>"; };
		A3900BBD29C0489C00B7C409 /* WeeklyBossCharacterListViewController.swift */ = {isa = PBXFileReference; lastKnownFileType = sourcecode.swift; path = WeeklyBossCharacterListViewController.swift; sourceTree = "<group>"; };
		A3900BC029C0495D00B7C409 /* WeeklyBossCharacterListCell.swift */ = {isa = PBXFileReference; lastKnownFileType = sourcecode.swift; path = WeeklyBossCharacterListCell.swift; sourceTree = "<group>"; };
		A3900BC429C0905E00B7C409 /* Model.xcdatamodel */ = {isa = PBXFileReference; lastKnownFileType = wrapper.xcdatamodel; path = Model.xcdatamodel; sourceTree = "<group>"; };
		A3900BC629C099B900B7C409 /* CoreDataManager.swift */ = {isa = PBXFileReference; lastKnownFileType = sourcecode.swift; path = CoreDataManager.swift; sourceTree = "<group>"; };
		A3900BDA29C2F7FA00B7C409 /* WeeklyBossCalculatorViewController.swift */ = {isa = PBXFileReference; lastKnownFileType = sourcecode.swift; path = WeeklyBossCalculatorViewController.swift; sourceTree = "<group>"; };
		A3900BDC29C2F82300B7C409 /* WeeklyBossCalculatorViewCell.swift */ = {isa = PBXFileReference; lastKnownFileType = sourcecode.swift; path = WeeklyBossCalculatorViewCell.swift; sourceTree = "<group>"; };
		A3E3794629F100BB00FE688E /* Extension+Font.swift */ = {isa = PBXFileReference; lastKnownFileType = sourcecode.swift; path = "Extension+Font.swift"; sourceTree = "<group>"; };
		A3E3794829F100F300FE688E /* NumberFormatter.swift */ = {isa = PBXFileReference; lastKnownFileType = sourcecode.swift; path = NumberFormatter.swift; sourceTree = "<group>"; };
		A3E3794B29F1015400FE688E /* Extension+CALayer.swift */ = {isa = PBXFileReference; lastKnownFileType = sourcecode.swift; path = "Extension+CALayer.swift"; sourceTree = "<group>"; };
		A3E3794D29F101B400FE688E /* Extension+UIImage.swift */ = {isa = PBXFileReference; lastKnownFileType = sourcecode.swift; path = "Extension+UIImage.swift"; sourceTree = "<group>"; };
		A3E3795929F104A300FE688E /* DescriptionCell.swift */ = {isa = PBXFileReference; lastKnownFileType = sourcecode.swift; path = DescriptionCell.swift; sourceTree = "<group>"; };
		A3E3795B29F104BD00FE688E /* RewardPriceCell.swift */ = {isa = PBXFileReference; lastKnownFileType = sourcecode.swift; path = RewardPriceCell.swift; sourceTree = "<group>"; };
		A3E3795D29F104D200FE688E /* RewardItemCell.swift */ = {isa = PBXFileReference; lastKnownFileType = sourcecode.swift; path = RewardItemCell.swift; sourceTree = "<group>"; };
		A3E3795F29F104E600FE688E /* MainBossImageCell.swift */ = {isa = PBXFileReference; lastKnownFileType = sourcecode.swift; path = MainBossImageCell.swift; sourceTree = "<group>"; };
		A3E3796129F1052700FE688E /* CheckBox.swift */ = {isa = PBXFileReference; lastKnownFileType = sourcecode.swift; path = CheckBox.swift; sourceTree = "<group>"; };
/* End PBXFileReference section */

/* Begin PBXFrameworksBuildPhase section */
		45ACA25F2988D75C00BD9935 /* Frameworks */ = {
			isa = PBXFrameworksBuildPhase;
			buildActionMask = 2147483647;
			files = (
				45ACA27B2988D80400BD9935 /* Then in Frameworks */,
				45ACA2812988D8BD00BD9935 /* SideMenu in Frameworks */,
				45ACA27E2988D86100BD9935 /* SnapKit in Frameworks */,
			);
			runOnlyForDeploymentPostprocessing = 0;
		};
/* End PBXFrameworksBuildPhase section */

/* Begin PBXGroup section */
		45ACA2592988D75C00BD9935 = {
			isa = PBXGroup;
			children = (
				7229CE2529D6C5E700347D30 /* BossInformation+CoreDataClass.swift */,
				7229CE2629D6C5E700347D30 /* BossInformation+CoreDataProperties.swift */,
				A37030EA29D2E0A400F3ADA4 /* CharacterInfo+CoreDataClass.swift */,
				A37030EB29D2E0A400F3ADA4 /* CharacterInfo+CoreDataProperties.swift */,
				45ACA2642988D75C00BD9935 /* MapleStoryGuide */,
				45ACA2632988D75C00BD9935 /* Products */,
				45ACA2BA2995D5D700BD9935 /* Recovered References */,
			);
			sourceTree = "<group>";
		};
		45ACA2632988D75C00BD9935 /* Products */ = {
			isa = PBXGroup;
			children = (
				45ACA2622988D75C00BD9935 /* MapleStoryGuide.app */,
			);
			name = Products;
			sourceTree = "<group>";
		};
		45ACA2642988D75C00BD9935 /* MapleStoryGuide */ = {
			isa = PBXGroup;
			children = (
				45ACA2732988D76000BD9935 /* Info.plist */,
				45ACA2842988D90C00BD9935 /* Resource */,
				45ACA2832988D90500BD9935 /* Source */,
			);
			path = MapleStoryGuide;
			sourceTree = "<group>";
		};
		45ACA2832988D90500BD9935 /* Source */ = {
			isa = PBXGroup;
			children = (
				45ACA2652988D75C00BD9935 /* AppDelegate.swift */,
				45ACA2672988D75C00BD9935 /* SceneDelegate.swift */,
				A3900BC329C0905E00B7C409 /* Model.xcdatamodeld */,
				A3E3794529F1006700FE688E /* Extension */,
				45ACA2862988D99F00BD9935 /* Utility */,
				A3278C09298FCAED0004C278 /* Model */,
				45ACA2872988D9A600BD9935 /* ViewModel */,
				45ACA2852988D97B00BD9935 /* Controller */,
			);
			path = Source;
			sourceTree = "<group>";
		};
		45ACA2842988D90C00BD9935 /* Resource */ = {
			isa = PBXGroup;
			children = (
				A3E3796729F1061500FE688E /* Json */,
				A37030FB29D7EB2200F3ADA4 /* Fonts */,
				45ACA26E2988D76000BD9935 /* Assets.xcassets */,
				45ACA2702988D76000BD9935 /* LaunchScreen.storyboard */,
			);
			path = Resource;
			sourceTree = "<group>";
		};
		45ACA2852988D97B00BD9935 /* Controller */ = {
			isa = PBXGroup;
			children = (
				A3E3796329F1055400FE688E /* CommonView */,
				A3E3794F29F1024B00FE688E /* WeeklyBossCheckList */,
				A38A78B429E54BFA00213CC7 /* WebViewList */,
				72B0CBD229C15B5C00B7320F /* BossList */,
				A3E3795029F1028500FE688E /* JobList */,
				45ACA2B329923F1C00BD9935 /* ContatinerView */,
				45ACA291298C828700BD9935 /* SideMenu */,
				45ACA28A298995C300BD9935 /* MainView */,
			);
			path = Controller;
			sourceTree = "<group>";
		};
		45ACA2862988D99F00BD9935 /* Utility */ = {
			isa = PBXGroup;
			children = (
				72CDF3A7298A53E100918C1A /* Components.swift */,
				72ECFFEE298BC8E70045ADBB /* JSON */,
				45ACA2A62991AECE00BD9935 /* SideMenuManager */,
				45ACA2882988D9BB00BD9935 /* CoreData */,
				A3E3794A29F100FF00FE688E /* Formatter */,
			);
			path = Utility;
			sourceTree = "<group>";
		};
		45ACA2872988D9A600BD9935 /* ViewModel */ = {
			isa = PBXGroup;
			children = (
				72E728F729939D0E00427640 /* Observable.swift */,
				A3E3795429F1037000FE688E /* JobList */,
				A3E3795529F1037C00FE688E /* BossList */,
				A3E3795129F1032900FE688E /* WeeklyBossCheckList */,
			);
			path = ViewModel;
			sourceTree = "<group>";
		};
		45ACA2882988D9BB00BD9935 /* CoreData */ = {
			isa = PBXGroup;
			children = (
				A3900BC629C099B900B7C409 /* CoreDataManager.swift */,
			);
			path = CoreData;
			sourceTree = "<group>";
		};
		45ACA28A298995C300BD9935 /* MainView */ = {
			isa = PBXGroup;
			children = (
				45ACA2BF2995D70F00BD9935 /* MainViewController.swift */,
				A3E3796629F105DE00FE688E /* Cells */,
			);
			path = MainView;
			sourceTree = "<group>";
		};
		45ACA291298C828700BD9935 /* SideMenu */ = {
			isa = PBXGroup;
			children = (
				45ACA28D298A2A2A00BD9935 /* SideMenuViewController.swift */,
				45ACA2B129921D3700BD9935 /* SideMenuDelegate.swift */,
				A3E3796429F1058000FE688E /* Cells */,
				A3E3796529F1059000FE688E /* Compoent */,
			);
			path = SideMenu;
			sourceTree = "<group>";
		};
		45ACA2A62991AECE00BD9935 /* SideMenuManager */ = {
			isa = PBXGroup;
			children = (
				45ACA2A72991AEE200BD9935 /* ContainerViewComposer.swift */,
			);
			path = SideMenuManager;
			sourceTree = "<group>";
		};
		45ACA2B329923F1C00BD9935 /* ContatinerView */ = {
			isa = PBXGroup;
			children = (
				45ACA2AD2992187C00BD9935 /* ContainerViewController.swift */,
				45ACA2AB2992002000BD9935 /* ContentViewController.swift */,
				45ACA2A92991FFE700BD9935 /* ViewControllerPresentation.swift */,
			);
			path = ContatinerView;
			sourceTree = "<group>";
		};
		45ACA2BA2995D5D700BD9935 /* Recovered References */ = {
			isa = PBXGroup;
			children = (
			);
			name = "Recovered References";
			sourceTree = "<group>";
		};
		72B0CBD229C15B5C00B7320F /* BossList */ = {
			isa = PBXGroup;
			children = (
				72B0CBD329C15B7400B7320F /* BossListViewController.swift */,
				72ABFD7B29C2E50E003A207F /* BossDetailViewController.swift */,
				72B2BCED29CD7E600022B95B /* ItemDetailViewController.swift */,
				A3E3795729F1041700FE688E /* Cell */,
			);
			path = BossList;
			sourceTree = "<group>";
		};
		72CB8BD529BEFFE600A34A36 /* JobInfo */ = {
			isa = PBXGroup;
			children = (
				72AD922929A1C0BA00047D35 /* JobGroupDTO.swift */,
			);
			path = JobInfo;
			sourceTree = "<group>";
		};
		72CB8BD629BEFFF900A34A36 /* BossInfo */ = {
			isa = PBXGroup;
			children = (
				72CB8BD729BF000D00A34A36 /* BossInfo.swift */,
			);
			path = BossInfo;
			sourceTree = "<group>";
		};
		72ECFFEE298BC8E70045ADBB /* JSON */ = {
			isa = PBXGroup;
			children = (
				72ECFFEF298BC9060045ADBB /* JSONManager.swift */,
			);
			path = JSON;
			sourceTree = "<group>";
		};
		A3278C09298FCAED0004C278 /* Model */ = {
			isa = PBXGroup;
			children = (
				A37030F429D3C7CF00F3ADA4 /* WeeklyBossInfo */,
				72CB8BD629BEFFF900A34A36 /* BossInfo */,
				72CB8BD529BEFFE600A34A36 /* JobInfo */,
			);
			path = Model;
			sourceTree = "<group>";
		};
		A37030F429D3C7CF00F3ADA4 /* WeeklyBossInfo */ = {
			isa = PBXGroup;
			children = (
				A37030F529D3C7DF00F3ADA4 /* WeeklyBossInfo.swift */,
			);
			path = WeeklyBossInfo;
			sourceTree = "<group>";
		};
		A37030FB29D7EB2200F3ADA4 /* Fonts */ = {
			isa = PBXGroup;
			children = (
				A37030FC29D7EB7100F3ADA4 /* MaplestoryOTFBold.otf */,
				A37030FE29D7ED2600F3ADA4 /* MaplestoryOTFLight.otf */,
			);
			path = Fonts;
			sourceTree = "<group>";
		};
		A38A78B429E54BFA00213CC7 /* WebViewList */ = {
			isa = PBXGroup;
			children = (
				A38A78B229E3ED4D00213CC7 /* WebViewListViewController.swift */,
				A38A78B729E54CB200213CC7 /* WebViewController.swift */,
				A3E3795629F103F000FE688E /* Cells */,
			);
			path = WebViewList;
			sourceTree = "<group>";
		};
		A3900BC229C0499800B7C409 /* Cells */ = {
			isa = PBXGroup;
			children = (
				A3900BDC29C2F82300B7C409 /* WeeklyBossCalculatorViewCell.swift */,
				A3900BC029C0495D00B7C409 /* WeeklyBossCharacterListCell.swift */,
			);
			path = Cells;
			sourceTree = "<group>";
		};
		A3E3794529F1006700FE688E /* Extension */ = {
			isa = PBXGroup;
			children = (
				A3E3794629F100BB00FE688E /* Extension+Font.swift */,
				A3E3794B29F1015400FE688E /* Extension+CALayer.swift */,
				A3E3794D29F101B400FE688E /* Extension+UIImage.swift */,
			);
			path = Extension;
			sourceTree = "<group>";
		};
		A3E3794A29F100FF00FE688E /* Formatter */ = {
			isa = PBXGroup;
			children = (
				A3E3794829F100F300FE688E /* NumberFormatter.swift */,
			);
			path = Formatter;
			sourceTree = "<group>";
		};
		A3E3794F29F1024B00FE688E /* WeeklyBossCheckList */ = {
			isa = PBXGroup;
			children = (
				A3900BBD29C0489C00B7C409 /* WeeklyBossCharacterListViewController.swift */,
				A3900BDA29C2F7FA00B7C409 /* WeeklyBossCalculatorViewController.swift */,
				A319B12C29CAF1C600E5B1B2 /* WeeklyBossAddViewController.swift */,
				A3900BC229C0499800B7C409 /* Cells */,
			);
			path = WeeklyBossCheckList;
			sourceTree = "<group>";
		};
		A3E3795029F1028500FE688E /* JobList */ = {
			isa = PBXGroup;
			children = (
				45ACA298298F2C6D00BD9935 /* JobListViewController.swift */,
				A3278BDF298B93060004C278 /* SkillDetailTableViewController.swift */,
				A3278BAD2988E4330004C278 /* JobDetailCollectionViewController.swift */,
				A3E3795829F1046E00FE688E /* Cells */,
			);
			path = JobList;
			sourceTree = "<group>";
		};
		A3E3795129F1032900FE688E /* WeeklyBossCheckList */ = {
			isa = PBXGroup;
			children = (
				A37030E829D2BCF900F3ADA4 /* WeeklyBossAddViewModel.swift */,
				A37030E429D1839800F3ADA4 /* WeeklyBossCharacterListViewModel.swift */,
			);
			path = WeeklyBossCheckList;
			sourceTree = "<group>";
		};
		A3E3795429F1037000FE688E /* JobList */ = {
			isa = PBXGroup;
			children = (
				72ECFFEC298BC2100045ADBB /* JobInfoViewModel.swift */,
			);
			path = JobList;
			sourceTree = "<group>";
		};
		A3E3795529F1037C00FE688E /* BossList */ = {
			isa = PBXGroup;
			children = (
				7246561829C058CC00AA9154 /* BossInfoViewModel.swift */,
			);
			path = BossList;
			sourceTree = "<group>";
		};
		A3E3795629F103F000FE688E /* Cells */ = {
			isa = PBXGroup;
			children = (
				A38A78B529E54C1600213CC7 /* WebViewListCell.swift */,
			);
			path = Cells;
			sourceTree = "<group>";
		};
		A3E3795729F1041700FE688E /* Cell */ = {
			isa = PBXGroup;
			children = (
				7265762329C1AB20008DBA6F /* BossImageCell.swift */,
				72B6810929C4535D00D81470 /* LevelAndForceCell.swift */,
				A3E3795929F104A300FE688E /* DescriptionCell.swift */,
				A3E3795B29F104BD00FE688E /* RewardPriceCell.swift */,
				A3E3795D29F104D200FE688E /* RewardItemCell.swift */,
				A3E3795F29F104E600FE688E /* MainBossImageCell.swift */,
			);
			path = Cell;
			sourceTree = "<group>";
		};
		A3E3795829F1046E00FE688E /* Cells */ = {
			isa = PBXGroup;
			children = (
				45ACA2A129900D7000BD9935 /* JobListCollectionViewCell.swift */,
				A3282F8329A4A29100FA5BE1 /* SkillDetailViewCell.swift */,
				A3278BE1298BE1A80004C278 /* ReinforceSkillDetailViewCell.swift */,
				A3278BDA298B59140004C278 /* JobImageViewCell.swift */,
				A3278BB129890A0A0004C278 /* SkillListViewCell.swift */,
			);
			path = Cells;
			sourceTree = "<group>";
		};
		A3E3796329F1055400FE688E /* CommonView */ = {
			isa = PBXGroup;
			children = (
				A3E3796129F1052700FE688E /* CheckBox.swift */,
				A3278BDC298B5B430004C278 /* TitleHeaderView.swift */,
				45ACA2A4299016D100BD9935 /* JobListHeaderView.swift */,
			);
			path = CommonView;
			sourceTree = "<group>";
		};
		A3E3796429F1058000FE688E /* Cells */ = {
			isa = PBXGroup;
			children = (
				45ACA28F298B003A00BD9935 /* SideMenuCell.swift */,
			);
			path = Cells;
			sourceTree = "<group>";
		};
		A3E3796529F1059000FE688E /* Compoent */ = {
			isa = PBXGroup;
			children = (
				45ACA2AF29921ABD00BD9935 /* SideMenuItem.swift */,
			);
			path = Compoent;
			sourceTree = "<group>";
		};
		A3E3796629F105DE00FE688E /* Cells */ = {
			isa = PBXGroup;
			children = (
				45ACA293298C866E00BD9935 /* MainCollectionViewCell.swift */,
			);
			path = Cells;
			sourceTree = "<group>";
		};
		A3E3796729F1061500FE688E /* Json */ = {
			isa = PBXGroup;
			children = (
				725400FC29AC6F96005A7420 /* newJobs_jpg.json */,
				72CB8BD929BF047700A34A36 /* bossInfo.json */,
				A37030F229D31A8E00F3ADA4 /* weeklyBossInfo.json */,
			);
			path = Json;
			sourceTree = "<group>";
		};
/* End PBXGroup section */

/* Begin PBXNativeTarget section */
		45ACA2612988D75C00BD9935 /* MapleStoryGuide */ = {
			isa = PBXNativeTarget;
			buildConfigurationList = 45ACA2762988D76000BD9935 /* Build configuration list for PBXNativeTarget "MapleStoryGuide" */;
			buildPhases = (
				45ACA25E2988D75C00BD9935 /* Sources */,
				45ACA25F2988D75C00BD9935 /* Frameworks */,
				45ACA2602988D75C00BD9935 /* Resources */,
			);
			buildRules = (
			);
			dependencies = (
			);
			name = MapleStoryGuide;
			packageProductDependencies = (
				45ACA27A2988D80400BD9935 /* Then */,
				45ACA27D2988D86100BD9935 /* SnapKit */,
				45ACA2802988D8BD00BD9935 /* SideMenu */,
			);
			productName = MapleStoryGuide;
			productReference = 45ACA2622988D75C00BD9935 /* MapleStoryGuide.app */;
			productType = "com.apple.product-type.application";
		};
/* End PBXNativeTarget section */

/* Begin PBXProject section */
		45ACA25A2988D75C00BD9935 /* Project object */ = {
			isa = PBXProject;
			attributes = {
				BuildIndependentTargetsInParallel = 1;
				LastSwiftUpdateCheck = 1410;
				LastUpgradeCheck = 1430;
				TargetAttributes = {
					45ACA2612988D75C00BD9935 = {
						CreatedOnToolsVersion = 14.1;
					};
				};
			};
			buildConfigurationList = 45ACA25D2988D75C00BD9935 /* Build configuration list for PBXProject "MapleStoryGuide" */;
			compatibilityVersion = "Xcode 14.0";
			developmentRegion = en;
			hasScannedForEncodings = 0;
			knownRegions = (
				en,
				Base,
			);
			mainGroup = 45ACA2592988D75C00BD9935;
			packageReferences = (
				45ACA2792988D80300BD9935 /* XCRemoteSwiftPackageReference "Then" */,
				45ACA27C2988D86100BD9935 /* XCRemoteSwiftPackageReference "SnapKit" */,
				45ACA27F2988D8BD00BD9935 /* XCRemoteSwiftPackageReference "SideMenu" */,
			);
			productRefGroup = 45ACA2632988D75C00BD9935 /* Products */;
			projectDirPath = "";
			projectRoot = "";
			targets = (
				45ACA2612988D75C00BD9935 /* MapleStoryGuide */,
			);
		};
/* End PBXProject section */

/* Begin PBXResourcesBuildPhase section */
		45ACA2602988D75C00BD9935 /* Resources */ = {
			isa = PBXResourcesBuildPhase;
			buildActionMask = 2147483647;
			files = (
				A37030FD29D7EB7100F3ADA4 /* MaplestoryOTFBold.otf in Resources */,
				A37030F329D31A8E00F3ADA4 /* weeklyBossInfo.json in Resources */,
				72CB8BDA29BF047700A34A36 /* bossInfo.json in Resources */,
				45ACA2722988D76000BD9935 /* LaunchScreen.storyboard in Resources */,
				A37030FF29D7ED2600F3ADA4 /* MaplestoryOTFLight.otf in Resources */,
				725400FD29AC6F96005A7420 /* newJobs_jpg.json in Resources */,
				45ACA26F2988D76000BD9935 /* Assets.xcassets in Resources */,
			);
			runOnlyForDeploymentPostprocessing = 0;
		};
/* End PBXResourcesBuildPhase section */

/* Begin PBXSourcesBuildPhase section */
		45ACA25E2988D75C00BD9935 /* Sources */ = {
			isa = PBXSourcesBuildPhase;
			buildActionMask = 2147483647;
			files = (
				A319B12D29CAF1C600E5B1B2 /* WeeklyBossAddViewController.swift in Sources */,
				A3278BAE2988E4330004C278 /* JobDetailCollectionViewController.swift in Sources */,
				45ACA2662988D75C00BD9935 /* AppDelegate.swift in Sources */,
				72ABFD7C29C2E50E003A207F /* BossDetailViewController.swift in Sources */,
				A3278BE2298BE1A80004C278 /* ReinforceSkillDetailViewCell.swift in Sources */,
				A3278BB229890A0A0004C278 /* SkillListViewCell.swift in Sources */,
				A3278BE0298B93060004C278 /* SkillDetailTableViewController.swift in Sources */,
				7246561929C058CC00AA9154 /* BossInfoViewModel.swift in Sources */,
				45ACA2682988D75C00BD9935 /* SceneDelegate.swift in Sources */,
				A3E3796029F104E600FE688E /* MainBossImageCell.swift in Sources */,
				A3278BDD298B5B430004C278 /* TitleHeaderView.swift in Sources */,
				72B0CBD429C15B7400B7320F /* BossListViewController.swift in Sources */,
				A3278BDB298B59140004C278 /* JobImageViewCell.swift in Sources */,
				A3900BBE29C0489C00B7C409 /* WeeklyBossCharacterListViewController.swift in Sources */,
				72CDF3A8298A53E100918C1A /* Components.swift in Sources */,
				A3900BC729C099B900B7C409 /* CoreDataManager.swift in Sources */,
				A38A78B829E54CB200213CC7 /* WebViewController.swift in Sources */,
				A3E3794E29F101B400FE688E /* Extension+UIImage.swift in Sources */,
				7229CE2729D6C5E700347D30 /* BossInformation+CoreDataClass.swift in Sources */,
				A3E3794729F100BB00FE688E /* Extension+Font.swift in Sources */,
				72ECFFF0298BC9060045ADBB /* JSONManager.swift in Sources */,
				72CB8BD829BF000D00A34A36 /* BossInfo.swift in Sources */,
				7265762429C1AB20008DBA6F /* BossImageCell.swift in Sources */,
				72B6810A29C4535D00D81470 /* LevelAndForceCell.swift in Sources */,
				A3E3796229F1052700FE688E /* CheckBox.swift in Sources */,
				72E728F829939D0E00427640 /* Observable.swift in Sources */,
				A3E3795C29F104BD00FE688E /* RewardPriceCell.swift in Sources */,
				A3E3795A29F104A300FE688E /* DescriptionCell.swift in Sources */,
				45ACA2C02995D70F00BD9935 /* MainViewController.swift in Sources */,
				A3900BDD29C2F82300B7C409 /* WeeklyBossCalculatorViewCell.swift in Sources */,
				A37030F629D3C7DF00F3ADA4 /* WeeklyBossInfo.swift in Sources */,
				A3900BDB29C2F7FA00B7C409 /* WeeklyBossCalculatorViewController.swift in Sources */,
				72ECFFED298BC2100045ADBB /* JobInfoViewModel.swift in Sources */,
				45ACA2B229921D3700BD9935 /* SideMenuDelegate.swift in Sources */,
				A37030EF29D2E0A400F3ADA4 /* CharacterInfo+CoreDataProperties.swift in Sources */,
				A37030E929D2BCF900F3ADA4 /* WeeklyBossAddViewModel.swift in Sources */,
				7229CE2829D6C5E700347D30 /* BossInformation+CoreDataProperties.swift in Sources */,
				A3E3794C29F1015400FE688E /* Extension+CALayer.swift in Sources */,
				A37030EE29D2E0A400F3ADA4 /* CharacterInfo+CoreDataClass.swift in Sources */,
				45ACA2A82991AEE200BD9935 /* ContainerViewComposer.swift in Sources */,
				45ACA299298F2C6D00BD9935 /* JobListViewController.swift in Sources */,
				45ACA294298C866F00BD9935 /* MainCollectionViewCell.swift in Sources */,
				45ACA290298B003A00BD9935 /* SideMenuCell.swift in Sources */,
				72B2BCEE29CD7E600022B95B /* ItemDetailViewController.swift in Sources */,
				A38A78B329E3ED4D00213CC7 /* WebViewListViewController.swift in Sources */,
				A3E3794929F100F300FE688E /* NumberFormatter.swift in Sources */,
				45ACA2AA2991FFE700BD9935 /* ViewControllerPresentation.swift in Sources */,
				45ACA2B029921ABD00BD9935 /* SideMenuItem.swift in Sources */,
				45ACA2AC2992002000BD9935 /* ContentViewController.swift in Sources */,
				A3E3795E29F104D200FE688E /* RewardItemCell.swift in Sources */,
				A3282F8429A4A29100FA5BE1 /* SkillDetailViewCell.swift in Sources */,
				45ACA2AE2992187C00BD9935 /* ContainerViewController.swift in Sources */,
				45ACA2A229900D7000BD9935 /* JobListCollectionViewCell.swift in Sources */,
				45ACA28E298A2A2A00BD9935 /* SideMenuViewController.swift in Sources */,
				A3900BC529C0905E00B7C409 /* Model.xcdatamodeld in Sources */,
				A3900BC129C0495D00B7C409 /* WeeklyBossCharacterListCell.swift in Sources */,
				A37030E529D1839800F3ADA4 /* WeeklyBossCharacterListViewModel.swift in Sources */,
				45ACA2A5299016D100BD9935 /* JobListHeaderView.swift in Sources */,
				A38A78B629E54C1600213CC7 /* WebViewListCell.swift in Sources */,
				72AD922A29A1C0BA00047D35 /* JobGroupDTO.swift in Sources */,
			);
			runOnlyForDeploymentPostprocessing = 0;
		};
/* End PBXSourcesBuildPhase section */

/* Begin PBXVariantGroup section */
		45ACA2702988D76000BD9935 /* LaunchScreen.storyboard */ = {
			isa = PBXVariantGroup;
			children = (
				45ACA2712988D76000BD9935 /* Base */,
			);
			name = LaunchScreen.storyboard;
			sourceTree = "<group>";
		};
/* End PBXVariantGroup section */

/* Begin XCBuildConfiguration section */
		45ACA2742988D76000BD9935 /* Debug */ = {
			isa = XCBuildConfiguration;
			buildSettings = {
				ALWAYS_SEARCH_USER_PATHS = NO;
				CLANG_ANALYZER_NONNULL = YES;
				CLANG_ANALYZER_NUMBER_OBJECT_CONVERSION = YES_AGGRESSIVE;
				CLANG_CXX_LANGUAGE_STANDARD = "gnu++20";
				CLANG_ENABLE_MODULES = YES;
				CLANG_ENABLE_OBJC_ARC = YES;
				CLANG_ENABLE_OBJC_WEAK = YES;
				CLANG_WARN_BLOCK_CAPTURE_AUTORELEASING = YES;
				CLANG_WARN_BOOL_CONVERSION = YES;
				CLANG_WARN_COMMA = YES;
				CLANG_WARN_CONSTANT_CONVERSION = YES;
				CLANG_WARN_DEPRECATED_OBJC_IMPLEMENTATIONS = YES;
				CLANG_WARN_DIRECT_OBJC_ISA_USAGE = YES_ERROR;
				CLANG_WARN_DOCUMENTATION_COMMENTS = YES;
				CLANG_WARN_EMPTY_BODY = YES;
				CLANG_WARN_ENUM_CONVERSION = YES;
				CLANG_WARN_INFINITE_RECURSION = YES;
				CLANG_WARN_INT_CONVERSION = YES;
				CLANG_WARN_NON_LITERAL_NULL_CONVERSION = YES;
				CLANG_WARN_OBJC_IMPLICIT_RETAIN_SELF = YES;
				CLANG_WARN_OBJC_LITERAL_CONVERSION = YES;
				CLANG_WARN_OBJC_ROOT_CLASS = YES_ERROR;
				CLANG_WARN_QUOTED_INCLUDE_IN_FRAMEWORK_HEADER = YES;
				CLANG_WARN_RANGE_LOOP_ANALYSIS = YES;
				CLANG_WARN_STRICT_PROTOTYPES = YES;
				CLANG_WARN_SUSPICIOUS_MOVE = YES;
				CLANG_WARN_UNGUARDED_AVAILABILITY = YES_AGGRESSIVE;
				CLANG_WARN_UNREACHABLE_CODE = YES;
				CLANG_WARN__DUPLICATE_METHOD_MATCH = YES;
				COPY_PHASE_STRIP = NO;
				DEBUG_INFORMATION_FORMAT = dwarf;
				ENABLE_STRICT_OBJC_MSGSEND = YES;
				ENABLE_TESTABILITY = YES;
				GCC_C_LANGUAGE_STANDARD = gnu11;
				GCC_DYNAMIC_NO_PIC = NO;
				GCC_NO_COMMON_BLOCKS = YES;
				GCC_OPTIMIZATION_LEVEL = 0;
				GCC_PREPROCESSOR_DEFINITIONS = (
					"DEBUG=1",
					"$(inherited)",
				);
				GCC_WARN_64_TO_32_BIT_CONVERSION = YES;
				GCC_WARN_ABOUT_RETURN_TYPE = YES_ERROR;
				GCC_WARN_UNDECLARED_SELECTOR = YES;
				GCC_WARN_UNINITIALIZED_AUTOS = YES_AGGRESSIVE;
				GCC_WARN_UNUSED_FUNCTION = YES;
				GCC_WARN_UNUSED_VARIABLE = YES;
				IPHONEOS_DEPLOYMENT_TARGET = 15.0;
				MTL_ENABLE_DEBUG_INFO = INCLUDE_SOURCE;
				MTL_FAST_MATH = YES;
				ONLY_ACTIVE_ARCH = YES;
				SDKROOT = iphoneos;
				SWIFT_ACTIVE_COMPILATION_CONDITIONS = DEBUG;
				SWIFT_OPTIMIZATION_LEVEL = "-Onone";
			};
			name = Debug;
		};
		45ACA2752988D76000BD9935 /* Release */ = {
			isa = XCBuildConfiguration;
			buildSettings = {
				ALWAYS_SEARCH_USER_PATHS = NO;
				CLANG_ANALYZER_NONNULL = YES;
				CLANG_ANALYZER_NUMBER_OBJECT_CONVERSION = YES_AGGRESSIVE;
				CLANG_CXX_LANGUAGE_STANDARD = "gnu++20";
				CLANG_ENABLE_MODULES = YES;
				CLANG_ENABLE_OBJC_ARC = YES;
				CLANG_ENABLE_OBJC_WEAK = YES;
				CLANG_WARN_BLOCK_CAPTURE_AUTORELEASING = YES;
				CLANG_WARN_BOOL_CONVERSION = YES;
				CLANG_WARN_COMMA = YES;
				CLANG_WARN_CONSTANT_CONVERSION = YES;
				CLANG_WARN_DEPRECATED_OBJC_IMPLEMENTATIONS = YES;
				CLANG_WARN_DIRECT_OBJC_ISA_USAGE = YES_ERROR;
				CLANG_WARN_DOCUMENTATION_COMMENTS = YES;
				CLANG_WARN_EMPTY_BODY = YES;
				CLANG_WARN_ENUM_CONVERSION = YES;
				CLANG_WARN_INFINITE_RECURSION = YES;
				CLANG_WARN_INT_CONVERSION = YES;
				CLANG_WARN_NON_LITERAL_NULL_CONVERSION = YES;
				CLANG_WARN_OBJC_IMPLICIT_RETAIN_SELF = YES;
				CLANG_WARN_OBJC_LITERAL_CONVERSION = YES;
				CLANG_WARN_OBJC_ROOT_CLASS = YES_ERROR;
				CLANG_WARN_QUOTED_INCLUDE_IN_FRAMEWORK_HEADER = YES;
				CLANG_WARN_RANGE_LOOP_ANALYSIS = YES;
				CLANG_WARN_STRICT_PROTOTYPES = YES;
				CLANG_WARN_SUSPICIOUS_MOVE = YES;
				CLANG_WARN_UNGUARDED_AVAILABILITY = YES_AGGRESSIVE;
				CLANG_WARN_UNREACHABLE_CODE = YES;
				CLANG_WARN__DUPLICATE_METHOD_MATCH = YES;
				COPY_PHASE_STRIP = NO;
				DEBUG_INFORMATION_FORMAT = "dwarf-with-dsym";
				ENABLE_NS_ASSERTIONS = NO;
				ENABLE_STRICT_OBJC_MSGSEND = YES;
				GCC_C_LANGUAGE_STANDARD = gnu11;
				GCC_NO_COMMON_BLOCKS = YES;
				GCC_WARN_64_TO_32_BIT_CONVERSION = YES;
				GCC_WARN_ABOUT_RETURN_TYPE = YES_ERROR;
				GCC_WARN_UNDECLARED_SELECTOR = YES;
				GCC_WARN_UNINITIALIZED_AUTOS = YES_AGGRESSIVE;
				GCC_WARN_UNUSED_FUNCTION = YES;
				GCC_WARN_UNUSED_VARIABLE = YES;
				IPHONEOS_DEPLOYMENT_TARGET = 15.0;
				MTL_ENABLE_DEBUG_INFO = NO;
				MTL_FAST_MATH = YES;
				SDKROOT = iphoneos;
				SWIFT_COMPILATION_MODE = wholemodule;
				SWIFT_OPTIMIZATION_LEVEL = "-O";
				VALIDATE_PRODUCT = YES;
			};
			name = Release;
		};
		45ACA2772988D76000BD9935 /* Debug */ = {
			isa = XCBuildConfiguration;
			buildSettings = {
				ASSETCATALOG_COMPILER_APPICON_NAME = AppIcon;
				ASSETCATALOG_COMPILER_GLOBAL_ACCENT_COLOR_NAME = AccentColor;
				CODE_SIGN_IDENTITY = "Apple Development";
				CODE_SIGN_STYLE = Automatic;
				CURRENT_PROJECT_VERSION = 1;
				DEVELOPMENT_TEAM = B99296K282;
				GENERATE_INFOPLIST_FILE = YES;
				INFOPLIST_FILE = MapleStoryGuide/Info.plist;
				INFOPLIST_KEY_CFBundleDisplayName = MSG;
				INFOPLIST_KEY_LSApplicationCategoryType = "public.app-category.games";
				INFOPLIST_KEY_UIApplicationSupportsIndirectInputEvents = YES;
				INFOPLIST_KEY_UILaunchStoryboardName = LaunchScreen;
				INFOPLIST_KEY_UISupportedInterfaceOrientations = "UIInterfaceOrientationLandscapeLeft UIInterfaceOrientationLandscapeRight UIInterfaceOrientationPortrait";
				INFOPLIST_KEY_UISupportedInterfaceOrientations_iPad = "UIInterfaceOrientationLandscapeLeft UIInterfaceOrientationLandscapeRight UIInterfaceOrientationPortrait UIInterfaceOrientationPortraitUpsideDown";
				IPHONEOS_DEPLOYMENT_TARGET = 15.0;
				LD_RUNPATH_SEARCH_PATHS = (
					"$(inherited)",
					"@executable_path/Frameworks",
				);
				MARKETING_VERSION = 1.0;
				PRODUCT_BUNDLE_IDENTIFIER = com.hs.MapleStoryGuide;
				PRODUCT_NAME = "$(TARGET_NAME)";
				PROVISIONING_PROFILE_SPECIFIER = "";
				SUPPORTED_PLATFORMS = "iphoneos iphonesimulator";
				SUPPORTS_MACCATALYST = NO;
				SUPPORTS_MAC_DESIGNED_FOR_IPHONE_IPAD = NO;
				SWIFT_EMIT_LOC_STRINGS = YES;
				SWIFT_VERSION = 5.0;
				TARGETED_DEVICE_FAMILY = 1;
			};
			name = Debug;
		};
		45ACA2782988D76000BD9935 /* Release */ = {
			isa = XCBuildConfiguration;
			buildSettings = {
				ASSETCATALOG_COMPILER_APPICON_NAME = AppIcon;
				ASSETCATALOG_COMPILER_GLOBAL_ACCENT_COLOR_NAME = AccentColor;
				CODE_SIGN_IDENTITY = "Apple Development";
				CODE_SIGN_STYLE = Automatic;
				CURRENT_PROJECT_VERSION = 1;
				DEVELOPMENT_TEAM = B99296K282;
				GENERATE_INFOPLIST_FILE = YES;
				INFOPLIST_FILE = MapleStoryGuide/Info.plist;
				INFOPLIST_KEY_CFBundleDisplayName = MSG;
				INFOPLIST_KEY_LSApplicationCategoryType = "public.app-category.games";
				INFOPLIST_KEY_UIApplicationSupportsIndirectInputEvents = YES;
				INFOPLIST_KEY_UILaunchStoryboardName = LaunchScreen;
				INFOPLIST_KEY_UISupportedInterfaceOrientations = "UIInterfaceOrientationLandscapeLeft UIInterfaceOrientationLandscapeRight UIInterfaceOrientationPortrait";
				INFOPLIST_KEY_UISupportedInterfaceOrientations_iPad = "UIInterfaceOrientationLandscapeLeft UIInterfaceOrientationLandscapeRight UIInterfaceOrientationPortrait UIInterfaceOrientationPortraitUpsideDown";
				IPHONEOS_DEPLOYMENT_TARGET = 15.0;
				LD_RUNPATH_SEARCH_PATHS = (
					"$(inherited)",
					"@executable_path/Frameworks",
				);
				MARKETING_VERSION = 1.0;
				PRODUCT_BUNDLE_IDENTIFIER = com.hs.MapleStoryGuide;
				PRODUCT_NAME = "$(TARGET_NAME)";
				PROVISIONING_PROFILE_SPECIFIER = "";
				SUPPORTED_PLATFORMS = "iphoneos iphonesimulator";
				SUPPORTS_MACCATALYST = NO;
				SUPPORTS_MAC_DESIGNED_FOR_IPHONE_IPAD = NO;
				SWIFT_EMIT_LOC_STRINGS = YES;
				SWIFT_VERSION = 5.0;
				TARGETED_DEVICE_FAMILY = 1;
			};
			name = Release;
		};
/* End XCBuildConfiguration section */

/* Begin XCConfigurationList section */
		45ACA25D2988D75C00BD9935 /* Build configuration list for PBXProject "MapleStoryGuide" */ = {
			isa = XCConfigurationList;
			buildConfigurations = (
				45ACA2742988D76000BD9935 /* Debug */,
				45ACA2752988D76000BD9935 /* Release */,
			);
			defaultConfigurationIsVisible = 0;
			defaultConfigurationName = Release;
		};
		45ACA2762988D76000BD9935 /* Build configuration list for PBXNativeTarget "MapleStoryGuide" */ = {
			isa = XCConfigurationList;
			buildConfigurations = (
				45ACA2772988D76000BD9935 /* Debug */,
				45ACA2782988D76000BD9935 /* Release */,
			);
			defaultConfigurationIsVisible = 0;
			defaultConfigurationName = Release;
		};
/* End XCConfigurationList section */

/* Begin XCRemoteSwiftPackageReference section */
		45ACA2792988D80300BD9935 /* XCRemoteSwiftPackageReference "Then" */ = {
			isa = XCRemoteSwiftPackageReference;
			repositoryURL = "https://github.com/devxoul/Then";
			requirement = {
				branch = master;
				kind = branch;
			};
		};
		45ACA27C2988D86100BD9935 /* XCRemoteSwiftPackageReference "SnapKit" */ = {
			isa = XCRemoteSwiftPackageReference;
			repositoryURL = "https://github.com/SnapKit/SnapKit.git";
			requirement = {
				kind = upToNextMajorVersion;
				minimumVersion = 5.0.0;
			};
		};
		45ACA27F2988D8BD00BD9935 /* XCRemoteSwiftPackageReference "SideMenu" */ = {
			isa = XCRemoteSwiftPackageReference;
			repositoryURL = "https://github.com/jonkykong/SideMenu.git";
			requirement = {
				kind = upToNextMajorVersion;
				minimumVersion = 6.0.0;
			};
		};
/* End XCRemoteSwiftPackageReference section */

/* Begin XCSwiftPackageProductDependency section */
		45ACA27A2988D80400BD9935 /* Then */ = {
			isa = XCSwiftPackageProductDependency;
			package = 45ACA2792988D80300BD9935 /* XCRemoteSwiftPackageReference "Then" */;
			productName = Then;
		};
		45ACA27D2988D86100BD9935 /* SnapKit */ = {
			isa = XCSwiftPackageProductDependency;
			package = 45ACA27C2988D86100BD9935 /* XCRemoteSwiftPackageReference "SnapKit" */;
			productName = SnapKit;
		};
		45ACA2802988D8BD00BD9935 /* SideMenu */ = {
			isa = XCSwiftPackageProductDependency;
			package = 45ACA27F2988D8BD00BD9935 /* XCRemoteSwiftPackageReference "SideMenu" */;
			productName = SideMenu;
		};
/* End XCSwiftPackageProductDependency section */

/* Begin XCVersionGroup section */
		A3900BC329C0905E00B7C409 /* Model.xcdatamodeld */ = {
			isa = XCVersionGroup;
			children = (
				A3900BC429C0905E00B7C409 /* Model.xcdatamodel */,
			);
			currentVersion = A3900BC429C0905E00B7C409 /* Model.xcdatamodel */;
			path = Model.xcdatamodeld;
			sourceTree = "<group>";
			versionGroupType = wrapper.xcdatamodel;
		};
/* End XCVersionGroup section */
	};
	rootObject = 45ACA25A2988D75C00BD9935 /* Project object */;
}
